
Microsoft Visual Studio Solution File, Format Version 12.00
# Visual Studio 15
VisualStudioVersion = 15.0.27428.2002
MinimumVisualStudioVersion = 10.0.40219.1
Project("{F184B08F-C81C-45F6-A57F-5ABD9991F28F}") = "JabTestAppVB", "JabTestAppVB\JabTestAppVB.vbproj", "{ACDFB9AB-9375-4229-993C-6EFE7DA4BAAD}"
EndProject
Project("{FAE04EC0-301F-11D3-BF4B-00C04F79EFBC}") = "JabApiLib", "JabApiLib\JabApiLib.csproj", "{687B433B-BBD7-4D5C-8D99-C53E46097819}"
EndProject
Project("{FAE04EC0-301F-11D3-BF4B-00C04F79EFBC}") = "JabApiconsole", "JabApiconsole\JabApiconsole.csproj", "{04CB6134-F6AC-4AAB-B341-AA3FAFEFA783}"
EndProject
Global
	GlobalSection(SolutionConfigurationPlatforms) = preSolution
		Debug|Any CPU = Debug|Any CPU
		Debug|Mixed Platforms = Debug|Mixed Platforms
		Debug|x86 = Debug|x86
		Release|Any CPU = Release|Any CPU
		Release|Mixed Platforms = Release|Mixed Platforms
		Release|x86 = Release|x86
	EndGlobalSection
	GlobalSection(ProjectConfigurationPlatforms) = postSolution
		{ACDFB9AB-9375-4229-993C-6EFE7DA4BAAD}.Debug|Any CPU.ActiveCfg = Debug|x86
		{ACDFB9AB-9375-4229-993C-6EFE7DA4BAAD}.Debug|Mixed Platforms.ActiveCfg = Debug|x86
		{ACDFB9AB-9375-4229-993C-6EFE7DA4BAAD}.Debug|Mixed Platforms.Build.0 = Debug|x86
		{ACDFB9AB-9375-4229-993C-6EFE7DA4BAAD}.Debug|x86.ActiveCfg = Debug|x86
		{ACDFB9AB-9375-4229-993C-6EFE7DA4BAAD}.Debug|x86.Build.0 = Debug|x86
		{ACDFB9AB-9375-4229-993C-6EFE7DA4BAAD}.Release|Any CPU.ActiveCfg = Release|x86
		{ACDFB9AB-9375-4229-993C-6EFE7DA4BAAD}.Release|Mixed Platforms.ActiveCfg = Release|x86
		{ACDFB9AB-9375-4229-993C-6EFE7DA4BAAD}.Release|Mixed Platforms.Build.0 = Release|x86
		{ACDFB9AB-9375-4229-993C-6EFE7DA4BAAD}.Release|x86.ActiveCfg = Release|x86
		{ACDFB9AB-9375-4229-993C-6EFE7DA4BAAD}.Release|x86.Build.0 = Release|x86
		{687B433B-BBD7-4D5C-8D99-C53E46097819}.Debug|Any CPU.ActiveCfg = Debug|Any CPU
		{687B433B-BBD7-4D5C-8D99-C53E46097819}.Debug|Any CPU.Build.0 = Debug|Any CPU
		{687B433B-BBD7-4D5C-8D99-C53E46097819}.Debug|Mixed Platforms.ActiveCfg = Debug|Any CPU
		{687B433B-BBD7-4D5C-8D99-C53E46097819}.Debug|Mixed Platforms.Build.0 = Debug|Any CPU
		{687B433B-BBD7-4D5C-8D99-C53E46097819}.Debug|x86.ActiveCfg = Debug|Any CPU
		{687B433B-BBD7-4D5C-8D99-C53E46097819}.Release|Any CPU.ActiveCfg = Release|Any CPU
		{687B433B-BBD7-4D5C-8D99-C53E46097819}.Release|Any CPU.Build.0 = Release|Any CPU
		{687B433B-BBD7-4D5C-8D99-C53E46097819}.Release|Mixed Platforms.ActiveCfg = Release|Any CPU
		{687B433B-BBD7-4D5C-8D99-C53E46097819}.Release|Mixed Platforms.Build.0 = Release|Any CPU
		{687B433B-BBD7-4D5C-8D99-C53E46097819}.Release|x86.ActiveCfg = Release|Any CPU
		{04CB6134-F6AC-4AAB-B341-AA3FAFEFA783}.Debug|Any CPU.ActiveCfg = Debug|Any CPU
		{04CB6134-F6AC-4AAB-B341-AA3FAFEFA783}.Debug|Any CPU.Build.0 = Debug|Any CPU
		{04CB6134-F6AC-4AAB-B341-AA3FAFEFA783}.Debug|Mixed Platforms.ActiveCfg = Debug|Any CPU
		{04CB6134-F6AC-4AAB-B341-AA3FAFEFA783}.Debug|Mixed Platforms.Build.0 = Debug|Any CPU
		{04CB6134-F6AC-4AAB-B341-AA3FAFEFA783}.Debug|x86.ActiveCfg = Debug|Any CPU
		{04CB6134-F6AC-4AAB-B341-AA3FAFEFA783}.Debug|x86.Build.0 = Debug|Any CPU
		{04CB6134-F6AC-4AAB-B341-AA3FAFEFA783}.Release|Any CPU.ActiveCfg = Release|Any CPU
		{04CB6134-F6AC-4AAB-B341-AA3FAFEFA783}.Release|Any CPU.Build.0 = Release|Any CPU
		{04CB6134-F6AC-4AAB-B341-AA3FAFEFA783}.Release|Mixed Platforms.ActiveCfg = Release|Any CPU
		{04CB6134-F6AC-4AAB-B341-AA3FAFEFA783}.Release|Mixed Platforms.Build.0 = Release|Any CPU
		{04CB6134-F6AC-4AAB-B341-AA3FAFEFA783}.Release|x86.ActiveCfg = Release|Any CPU
		{04CB6134-F6AC-4AAB-B341-AA3FAFEFA783}.Release|x86.Build.0 = Release|Any CPU
	EndGlobalSection
	GlobalSection(SolutionProperties) = preSolution
		HideSolutionNode = FALSE
	EndGlobalSection
	GlobalSection(ExtensibilityGlobals) = postSolution
		SolutionGuid = {55770017-52AC-45CC-8D42-46DCF9B65317}
	EndGlobalSection
	GlobalSection(SubversionScc) = preSolution
		Svn-Managed = True
		Manager = AnkhSVN - Subversion Support for Visual Studio
	EndGlobalSection
EndGlobal
